{
  "version": 4,
  "terraform_version": "1.5.6",
  "serial": 93,
  "lineage": "5b7c697d-956c-9290-d013-8dc9cc538789",
  "outputs": {
    "flask_vm_public_ip": {
      "value": "20.160.185.73",
      "type": "string"
    }
  },
  "resources": [
    {
      "mode": "managed",
      "type": "azurerm_availability_set",
      "name": "example",
      "provider": "provider[\"registry.terraform.io/hashicorp/azurerm\"]",
      "instances": [
        {
          "schema_version": 0,
          "attributes": {
            "id": "/subscriptions/91f4b598-d3ab-41dd-bc6f-1895538ad2b3/resourceGroups/terraform-demo-rg/providers/Microsoft.Compute/availabilitySets/my-availability-set",
            "location": "westeurope",
            "managed": true,
            "name": "my-availability-set",
            "platform_fault_domain_count": 3,
            "platform_update_domain_count": 5,
            "proximity_placement_group_id": null,
            "resource_group_name": "terraform-demo-rg",
            "tags": {},
            "timeouts": null
          },
          "sensitive_attributes": [],
          "private": "eyJlMmJmYjczMC1lY2FhLTExZTYtOGY4OC0zNDM2M2JjN2M0YzAiOnsiY3JlYXRlIjoxODAwMDAwMDAwMDAwLCJkZWxldGUiOjE4MDAwMDAwMDAwMDAsInJlYWQiOjMwMDAwMDAwMDAwMCwidXBkYXRlIjoxODAwMDAwMDAwMDAwfX0=",
          "dependencies": [
            "azurerm_resource_group.example"
          ]
        }
      ]
    },
    {
      "mode": "managed",
      "type": "azurerm_linux_virtual_machine",
      "name": "flask",
      "provider": "provider[\"registry.terraform.io/hashicorp/azurerm\"]",
      "instances": [
        {
          "schema_version": 0,
          "attributes": {
            "additional_capabilities": [],
            "admin_password": "MyPassword123!",
            "admin_ssh_key": [
              {
                "public_key": "ssh-rsa AAAAB3NzaC1yc2EAAAADAQABAAABAQC1x+rXLF3BTWpSoDRu6YHAUUaWsMTX0YWL+MtzzzytVf7dw3XCgUD7UhEQhmxF2xwFOWePz+x3UY/aUJKNhmee9Y78kOZn7xCeD6NSW3Q/AjZ+kcwlRoaKCi8i0bobMQBRqSmW3v/yVHiC245Vyr92N0v29b5uAgk8TSpFJwhhF+KTZru1MyM8rrFzL91hlI8psh8YPGaz3sc4IRS6dblbs5m/xEb6j8BNkJ7zL8WVHxKUGgWy7KKmx/VjAx0R4GJcxJzl5Fvz3b0hjeNPNAMnaD+5USpcBz7tQKKQlxho+oMk0ciahkusDWZgNb8pIw0IXbQa8gNy1cb8JXmSPuIP liel@DESKTOP-G6UL7B3\r\n",
                "username": "adminliel"
              }
            ],
            "admin_username": "adminliel",
            "allow_extension_operations": true,
            "availability_set_id": "/subscriptions/91f4b598-d3ab-41dd-bc6f-1895538ad2b3/resourceGroups/terraform-demo-rg/providers/Microsoft.Compute/availabilitySets/MY-AVAILABILITY-SET",
            "boot_diagnostics": [],
            "computer_name": "hostname",
            "custom_data": null,
            "dedicated_host_group_id": "",
            "dedicated_host_id": "",
            "disable_password_authentication": true,
            "edge_zone": "",
            "encryption_at_host_enabled": false,
            "eviction_policy": "",
            "extensions_time_budget": "PT1H30M",
            "id": "/subscriptions/91f4b598-d3ab-41dd-bc6f-1895538ad2b3/resourceGroups/terraform-demo-rg/providers/Microsoft.Compute/virtualMachines/flask-vm",
            "identity": [],
            "license_type": "",
            "location": "westeurope",
            "max_bid_price": -1,
            "name": "flask-vm",
            "network_interface_ids": [
              "/subscriptions/91f4b598-d3ab-41dd-bc6f-1895538ad2b3/resourceGroups/terraform-demo-rg/providers/Microsoft.Network/networkInterfaces/flask-nic"
            ],
            "os_disk": [
              {
                "caching": "ReadWrite",
                "diff_disk_settings": [],
                "disk_encryption_set_id": "",
                "disk_size_gb": 30,
                "name": "flask-vm_OsDisk_1_aa14d88b85c6423aa9641408130d5ffd",
                "storage_account_type": "Standard_LRS",
                "write_accelerator_enabled": false
              }
            ],
            "patch_mode": "ImageDefault",
            "plan": [],
            "platform_fault_domain": -1,
            "priority": "Regular",
            "private_ip_address": "10.0.1.4",
            "private_ip_addresses": [
              "10.0.1.4"
            ],
            "provision_vm_agent": true,
            "proximity_placement_group_id": "",
            "public_ip_address": "20.160.185.73",
            "public_ip_addresses": [
              "20.160.185.73"
            ],
            "resource_group_name": "terraform-demo-rg",
            "secret": [],
            "secure_boot_enabled": false,
            "size": "Standard_B1s",
            "source_image_id": "",
            "source_image_reference": [
              {
                "offer": "UbuntuServer",
                "publisher": "Canonical",
                "sku": "18.04-LTS",
                "version": "latest"
              }
            ],
            "tags": {},
            "termination_notification": [],
            "timeouts": null,
            "user_data": "",
            "virtual_machine_id": "b1136da9-d92c-4439-ad2b-c4965446ae87",
            "virtual_machine_scale_set_id": "",
            "vtpm_enabled": false,
            "zone": ""
          },
          "sensitive_attributes": [],
          "private": "eyJlMmJmYjczMC1lY2FhLTExZTYtOGY4OC0zNDM2M2JjN2M0YzAiOnsiY3JlYXRlIjoyNzAwMDAwMDAwMDAwLCJkZWxldGUiOjI3MDAwMDAwMDAwMDAsInJlYWQiOjMwMDAwMDAwMDAwMCwidXBkYXRlIjoyNzAwMDAwMDAwMDAwfX0=",
          "dependencies": [
            "azurerm_availability_set.example",
            "azurerm_network_interface.flask",
            "azurerm_public_ip.flask",
            "azurerm_resource_group.example",
            "azurerm_subnet.web_subnet",
            "azurerm_virtual_network.terraform_demo"
          ]
        }
      ]
    },
    {
      "mode": "managed",
      "type": "azurerm_linux_virtual_machine",
      "name": "postgresql",
      "provider": "provider[\"registry.terraform.io/hashicorp/azurerm\"]",
      "instances": [
        {
          "schema_version": 0,
          "attributes": {
            "additional_capabilities": [],
            "admin_password": "MyPassword123!",
            "admin_ssh_key": [
              {
                "public_key": "ssh-rsa AAAAB3NzaC1yc2EAAAADAQABAAABAQC1x+rXLF3BTWpSoDRu6YHAUUaWsMTX0YWL+MtzzzytVf7dw3XCgUD7UhEQhmxF2xwFOWePz+x3UY/aUJKNhmee9Y78kOZn7xCeD6NSW3Q/AjZ+kcwlRoaKCi8i0bobMQBRqSmW3v/yVHiC245Vyr92N0v29b5uAgk8TSpFJwhhF+KTZru1MyM8rrFzL91hlI8psh8YPGaz3sc4IRS6dblbs5m/xEb6j8BNkJ7zL8WVHxKUGgWy7KKmx/VjAx0R4GJcxJzl5Fvz3b0hjeNPNAMnaD+5USpcBz7tQKKQlxho+oMk0ciahkusDWZgNb8pIw0IXbQa8gNy1cb8JXmSPuIP liel@DESKTOP-G6UL7B3\r\n",
                "username": "adminliel"
              }
            ],
            "admin_username": "adminliel",
            "allow_extension_operations": true,
            "availability_set_id": "/subscriptions/91f4b598-d3ab-41dd-bc6f-1895538ad2b3/resourceGroups/terraform-demo-rg/providers/Microsoft.Compute/availabilitySets/MY-AVAILABILITY-SET",
            "boot_diagnostics": [],
            "computer_name": "hostname",
            "custom_data": null,
            "dedicated_host_group_id": "",
            "dedicated_host_id": "",
            "disable_password_authentication": true,
            "edge_zone": "",
            "encryption_at_host_enabled": false,
            "eviction_policy": "",
            "extensions_time_budget": "PT1H30M",
            "id": "/subscriptions/91f4b598-d3ab-41dd-bc6f-1895538ad2b3/resourceGroups/terraform-demo-rg/providers/Microsoft.Compute/virtualMachines/postgresql-vm",
            "identity": [],
            "license_type": "",
            "location": "westeurope",
            "max_bid_price": -1,
            "name": "postgresql-vm",
            "network_interface_ids": [
              "/subscriptions/91f4b598-d3ab-41dd-bc6f-1895538ad2b3/resourceGroups/terraform-demo-rg/providers/Microsoft.Network/networkInterfaces/postgresql-nic"
            ],
            "os_disk": [
              {
                "caching": "ReadWrite",
                "diff_disk_settings": [],
                "disk_encryption_set_id": "",
                "disk_size_gb": 30,
                "name": "postgresql-vm_OsDisk_1_a18fd1d4a60942208a0627b8a76b1e4b",
                "storage_account_type": "Standard_LRS",
                "write_accelerator_enabled": false
              }
            ],
            "patch_mode": "ImageDefault",
            "plan": [],
            "platform_fault_domain": -1,
            "priority": "Regular",
            "private_ip_address": "10.0.2.4",
            "private_ip_addresses": [
              "10.0.2.4"
            ],
            "provision_vm_agent": true,
            "proximity_placement_group_id": "",
            "public_ip_address": "20.160.191.225",
            "public_ip_addresses": [
              "20.160.191.225"
            ],
            "resource_group_name": "terraform-demo-rg",
            "secret": [],
            "secure_boot_enabled": false,
            "size": "Standard_B1s",
            "source_image_id": "",
            "source_image_reference": [
              {
                "offer": "UbuntuServer",
                "publisher": "Canonical",
                "sku": "18.04-LTS",
                "version": "latest"
              }
            ],
            "tags": {},
            "termination_notification": [],
            "timeouts": null,
            "user_data": "",
            "virtual_machine_id": "8695e0ff-1402-438b-93fb-11119ce8fb7f",
            "virtual_machine_scale_set_id": "",
            "vtpm_enabled": false,
            "zone": ""
          },
          "sensitive_attributes": [],
          "private": "eyJlMmJmYjczMC1lY2FhLTExZTYtOGY4OC0zNDM2M2JjN2M0YzAiOnsiY3JlYXRlIjoyNzAwMDAwMDAwMDAwLCJkZWxldGUiOjI3MDAwMDAwMDAwMDAsInJlYWQiOjMwMDAwMDAwMDAwMCwidXBkYXRlIjoyNzAwMDAwMDAwMDAwfX0=",
          "dependencies": [
            "azurerm_availability_set.example",
            "azurerm_network_interface.postgresql",
            "azurerm_public_ip.postgresql",
            "azurerm_resource_group.example",
            "azurerm_subnet.db_subnet",
            "azurerm_virtual_network.terraform_demo"
          ]
        }
      ]
    },
    {
      "mode": "managed",
      "type": "azurerm_managed_disk",
      "name": "flask-md",
      "provider": "provider[\"registry.terraform.io/hashicorp/azurerm\"]",
      "instances": [
        {
          "schema_version": 0,
          "attributes": {
            "create_option": "Empty",
            "disk_access_id": "",
            "disk_encryption_set_id": "",
            "disk_iops_read_only": 0,
            "disk_iops_read_write": 500,
            "disk_mbps_read_only": 0,
            "disk_mbps_read_write": 60,
            "disk_size_gb": 10,
            "edge_zone": "",
            "encryption_settings": [],
            "gallery_image_reference_id": "",
            "hyper_v_generation": "",
            "id": "/subscriptions/91f4b598-d3ab-41dd-bc6f-1895538ad2b3/resourceGroups/terraform-demo-rg/providers/Microsoft.Compute/disks/flask-md",
            "image_reference_id": "",
            "location": "westeurope",
            "logical_sector_size": null,
            "max_shares": 0,
            "name": "flask-md",
            "network_access_policy": null,
            "on_demand_bursting_enabled": false,
            "os_type": "",
            "public_network_access_enabled": true,
            "resource_group_name": "terraform-demo-rg",
            "source_resource_id": "",
            "source_uri": "",
            "storage_account_id": "",
            "storage_account_type": "Standard_LRS",
            "tags": {},
            "tier": "",
            "timeouts": null,
            "trusted_launch_enabled": false,
            "zone": ""
          },
          "sensitive_attributes": [],
          "private": "eyJlMmJmYjczMC1lY2FhLTExZTYtOGY4OC0zNDM2M2JjN2M0YzAiOnsiY3JlYXRlIjoxODAwMDAwMDAwMDAwLCJkZWxldGUiOjE4MDAwMDAwMDAwMDAsInJlYWQiOjMwMDAwMDAwMDAwMCwidXBkYXRlIjoxODAwMDAwMDAwMDAwfX0=",
          "dependencies": [
            "azurerm_resource_group.example"
          ]
        }
      ]
    },
    {
      "mode": "managed",
      "type": "azurerm_managed_disk",
      "name": "psql-md",
      "provider": "provider[\"registry.terraform.io/hashicorp/azurerm\"]",
      "instances": [
        {
          "schema_version": 0,
          "attributes": {
            "create_option": "Empty",
            "disk_access_id": "",
            "disk_encryption_set_id": "",
            "disk_iops_read_only": 0,
            "disk_iops_read_write": 500,
            "disk_mbps_read_only": 0,
            "disk_mbps_read_write": 60,
            "disk_size_gb": 10,
            "edge_zone": "",
            "encryption_settings": [],
            "gallery_image_reference_id": "",
            "hyper_v_generation": "",
            "id": "/subscriptions/91f4b598-d3ab-41dd-bc6f-1895538ad2b3/resourceGroups/terraform-demo-rg/providers/Microsoft.Compute/disks/psql-md",
            "image_reference_id": "",
            "location": "westeurope",
            "logical_sector_size": null,
            "max_shares": 0,
            "name": "psql-md",
            "network_access_policy": null,
            "on_demand_bursting_enabled": false,
            "os_type": "",
            "public_network_access_enabled": true,
            "resource_group_name": "terraform-demo-rg",
            "source_resource_id": "",
            "source_uri": "",
            "storage_account_id": "",
            "storage_account_type": "Standard_LRS",
            "tags": {},
            "tier": "",
            "timeouts": null,
            "trusted_launch_enabled": false,
            "zone": ""
          },
          "sensitive_attributes": [],
          "private": "eyJlMmJmYjczMC1lY2FhLTExZTYtOGY4OC0zNDM2M2JjN2M0YzAiOnsiY3JlYXRlIjoxODAwMDAwMDAwMDAwLCJkZWxldGUiOjE4MDAwMDAwMDAwMDAsInJlYWQiOjMwMDAwMDAwMDAwMCwidXBkYXRlIjoxODAwMDAwMDAwMDAwfX0=",
          "dependencies": [
            "azurerm_resource_group.example"
          ]
        }
      ]
    },
    {
      "mode": "managed",
      "type": "azurerm_network_interface",
      "name": "flask",
      "provider": "provider[\"registry.terraform.io/hashicorp/azurerm\"]",
      "instances": [
        {
          "schema_version": 0,
          "attributes": {
            "applied_dns_servers": [],
            "dns_servers": [],
            "edge_zone": "",
            "enable_accelerated_networking": false,
            "enable_ip_forwarding": false,
            "id": "/subscriptions/91f4b598-d3ab-41dd-bc6f-1895538ad2b3/resourceGroups/terraform-demo-rg/providers/Microsoft.Network/networkInterfaces/flask-nic",
            "internal_dns_name_label": "",
            "internal_domain_name_suffix": "ycio3sbyp2euhlx4prjt3fo3te.ax.internal.cloudapp.net",
            "ip_configuration": [
              {
                "gateway_load_balancer_frontend_ip_configuration_id": "",
                "name": "flask-ip-config",
                "primary": true,
                "private_ip_address": "10.0.1.4",
                "private_ip_address_allocation": "Dynamic",
                "private_ip_address_version": "IPv4",
                "public_ip_address_id": "/subscriptions/91f4b598-d3ab-41dd-bc6f-1895538ad2b3/resourceGroups/terraform-demo-rg/providers/Microsoft.Network/publicIPAddresses/flask-ip",
                "subnet_id": "/subscriptions/91f4b598-d3ab-41dd-bc6f-1895538ad2b3/resourceGroups/terraform-demo-rg/providers/Microsoft.Network/virtualNetworks/terraform-demo-vnet/subnets/web-subnet"
              }
            ],
            "location": "westeurope",
            "mac_address": "00-0D-3A-22-B3-A7",
            "name": "flask-nic",
            "private_ip_address": "10.0.1.4",
            "private_ip_addresses": [
              "10.0.1.4"
            ],
            "resource_group_name": "terraform-demo-rg",
            "tags": {},
            "timeouts": null,
            "virtual_machine_id": "/subscriptions/91f4b598-d3ab-41dd-bc6f-1895538ad2b3/resourceGroups/terraform-demo-rg/providers/Microsoft.Compute/virtualMachines/flask-vm"
          },
          "sensitive_attributes": [],
          "private": "eyJlMmJmYjczMC1lY2FhLTExZTYtOGY4OC0zNDM2M2JjN2M0YzAiOnsiY3JlYXRlIjoxODAwMDAwMDAwMDAwLCJkZWxldGUiOjE4MDAwMDAwMDAwMDAsInJlYWQiOjMwMDAwMDAwMDAwMCwidXBkYXRlIjoxODAwMDAwMDAwMDAwfX0=",
          "dependencies": [
            "azurerm_public_ip.flask",
            "azurerm_resource_group.example",
            "azurerm_subnet.web_subnet",
            "azurerm_virtual_network.terraform_demo"
          ]
        }
      ]
    },
    {
      "mode": "managed",
      "type": "azurerm_network_interface",
      "name": "postgresql",
      "provider": "provider[\"registry.terraform.io/hashicorp/azurerm\"]",
      "instances": [
        {
          "schema_version": 0,
          "attributes": {
            "applied_dns_servers": [],
            "dns_servers": [],
            "edge_zone": "",
            "enable_accelerated_networking": false,
            "enable_ip_forwarding": false,
            "id": "/subscriptions/91f4b598-d3ab-41dd-bc6f-1895538ad2b3/resourceGroups/terraform-demo-rg/providers/Microsoft.Network/networkInterfaces/postgresql-nic",
            "internal_dns_name_label": "",
            "internal_domain_name_suffix": "ycio3sbyp2euhlx4prjt3fo3te.ax.internal.cloudapp.net",
            "ip_configuration": [
              {
                "gateway_load_balancer_frontend_ip_configuration_id": "",
                "name": "postgresql-ip-config",
                "primary": true,
                "private_ip_address": "10.0.2.4",
                "private_ip_address_allocation": "Dynamic",
                "private_ip_address_version": "IPv4",
                "public_ip_address_id": "/subscriptions/91f4b598-d3ab-41dd-bc6f-1895538ad2b3/resourceGroups/terraform-demo-rg/providers/Microsoft.Network/publicIPAddresses/postgresql-ip",
                "subnet_id": "/subscriptions/91f4b598-d3ab-41dd-bc6f-1895538ad2b3/resourceGroups/terraform-demo-rg/providers/Microsoft.Network/virtualNetworks/terraform-demo-vnet/subnets/db-subnet"
              }
            ],
            "location": "westeurope",
            "mac_address": "00-0D-3A-25-D7-E5",
            "name": "postgresql-nic",
            "private_ip_address": "10.0.2.4",
            "private_ip_addresses": [
              "10.0.2.4"
            ],
            "resource_group_name": "terraform-demo-rg",
            "tags": {},
            "timeouts": null,
            "virtual_machine_id": "/subscriptions/91f4b598-d3ab-41dd-bc6f-1895538ad2b3/resourceGroups/terraform-demo-rg/providers/Microsoft.Compute/virtualMachines/postgresql-vm"
          },
          "sensitive_attributes": [],
          "private": "eyJlMmJmYjczMC1lY2FhLTExZTYtOGY4OC0zNDM2M2JjN2M0YzAiOnsiY3JlYXRlIjoxODAwMDAwMDAwMDAwLCJkZWxldGUiOjE4MDAwMDAwMDAwMDAsInJlYWQiOjMwMDAwMDAwMDAwMCwidXBkYXRlIjoxODAwMDAwMDAwMDAwfX0=",
          "dependencies": [
            "azurerm_public_ip.postgresql",
            "azurerm_resource_group.example",
            "azurerm_subnet.db_subnet",
            "azurerm_virtual_network.terraform_demo"
          ]
        }
      ]
    },
    {
      "mode": "managed",
      "type": "azurerm_network_security_group",
      "name": "db_nsg",
      "provider": "provider[\"registry.terraform.io/hashicorp/azurerm\"]",
      "instances": [
        {
          "schema_version": 0,
          "attributes": {
            "id": "/subscriptions/91f4b598-d3ab-41dd-bc6f-1895538ad2b3/resourceGroups/terraform-demo-rg/providers/Microsoft.Network/networkSecurityGroups/db-nsg",
            "location": "westeurope",
            "name": "db-nsg",
            "resource_group_name": "terraform-demo-rg",
            "security_rule": [
              {
                "access": "Allow",
                "description": "",
                "destination_address_prefix": "*",
                "destination_address_prefixes": [],
                "destination_application_security_group_ids": [],
                "destination_port_range": "22",
                "destination_port_ranges": [],
                "direction": "Inbound",
                "name": "AllowSSH",
                "priority": 110,
                "protocol": "Tcp",
                "source_address_prefix": "*",
                "source_address_prefixes": [],
                "source_application_security_group_ids": [],
                "source_port_range": "*",
                "source_port_ranges": []
              },
              {
                "access": "Allow",
                "description": "",
                "destination_address_prefix": "*",
                "destination_address_prefixes": [],
                "destination_application_security_group_ids": [],
                "destination_port_range": "5432",
                "destination_port_ranges": [],
                "direction": "Inbound",
                "name": "AllowAPPAccess",
                "priority": 100,
                "protocol": "Tcp",
                "source_address_prefix": "*",
                "source_address_prefixes": [],
                "source_application_security_group_ids": [],
                "source_port_range": "*",
                "source_port_ranges": []
              }
            ],
            "tags": {},
            "timeouts": null
          },
          "sensitive_attributes": [],
          "private": "eyJlMmJmYjczMC1lY2FhLTExZTYtOGY4OC0zNDM2M2JjN2M0YzAiOnsiY3JlYXRlIjoxODAwMDAwMDAwMDAwLCJkZWxldGUiOjE4MDAwMDAwMDAwMDAsInJlYWQiOjMwMDAwMDAwMDAwMCwidXBkYXRlIjoxODAwMDAwMDAwMDAwfX0=",
          "dependencies": [
            "azurerm_resource_group.example"
          ]
        }
      ]
    },
    {
      "mode": "managed",
      "type": "azurerm_network_security_group",
      "name": "web_nsg",
      "provider": "provider[\"registry.terraform.io/hashicorp/azurerm\"]",
      "instances": [
        {
          "schema_version": 0,
          "attributes": {
            "id": "/subscriptions/91f4b598-d3ab-41dd-bc6f-1895538ad2b3/resourceGroups/terraform-demo-rg/providers/Microsoft.Network/networkSecurityGroups/web-nsg",
            "location": "westeurope",
            "name": "web-nsg",
            "resource_group_name": "terraform-demo-rg",
            "security_rule": [
              {
                "access": "Allow",
                "description": "",
                "destination_address_prefix": "*",
                "destination_address_prefixes": [],
                "destination_application_security_group_ids": [],
                "destination_port_range": "22",
                "destination_port_ranges": [],
                "direction": "Inbound",
                "name": "AllowSSH",
                "priority": 110,
                "protocol": "Tcp",
                "source_address_prefix": "*",
                "source_address_prefixes": [],
                "source_application_security_group_ids": [],
                "source_port_range": "*",
                "source_port_ranges": []
              },
              {
                "access": "Allow",
                "description": "",
                "destination_address_prefix": "*",
                "destination_address_prefixes": [],
                "destination_application_security_group_ids": [],
                "destination_port_range": "8080",
                "destination_port_ranges": [],
                "direction": "Inbound",
                "name": "AllowHTTP",
                "priority": 100,
                "protocol": "Tcp",
                "source_address_prefix": "*",
                "source_address_prefixes": [],
                "source_application_security_group_ids": [],
                "source_port_range": "*",
                "source_port_ranges": []
              }
            ],
            "tags": {},
            "timeouts": null
          },
          "sensitive_attributes": [],
          "private": "eyJlMmJmYjczMC1lY2FhLTExZTYtOGY4OC0zNDM2M2JjN2M0YzAiOnsiY3JlYXRlIjoxODAwMDAwMDAwMDAwLCJkZWxldGUiOjE4MDAwMDAwMDAwMDAsInJlYWQiOjMwMDAwMDAwMDAwMCwidXBkYXRlIjoxODAwMDAwMDAwMDAwfX0=",
          "dependencies": [
            "azurerm_resource_group.example"
          ]
        }
      ]
    },
    {
      "mode": "managed",
      "type": "azurerm_public_ip",
      "name": "flask",
      "provider": "provider[\"registry.terraform.io/hashicorp/azurerm\"]",
      "instances": [
        {
          "schema_version": 0,
          "attributes": {
            "allocation_method": "Dynamic",
            "domain_name_label": null,
            "edge_zone": "",
            "fqdn": null,
            "id": "/subscriptions/91f4b598-d3ab-41dd-bc6f-1895538ad2b3/resourceGroups/terraform-demo-rg/providers/Microsoft.Network/publicIPAddresses/flask-ip",
            "idle_timeout_in_minutes": 4,
            "ip_address": "20.160.185.73",
            "ip_tags": {},
            "ip_version": "IPv4",
            "location": "westeurope",
            "name": "flask-ip",
            "public_ip_prefix_id": null,
            "resource_group_name": "terraform-demo-rg",
            "reverse_fqdn": null,
            "sku": "Basic",
            "sku_tier": "Regional",
            "tags": {},
            "timeouts": null,
            "zones": []
          },
          "sensitive_attributes": [],
          "private": "eyJlMmJmYjczMC1lY2FhLTExZTYtOGY4OC0zNDM2M2JjN2M0YzAiOnsiY3JlYXRlIjoxODAwMDAwMDAwMDAwLCJkZWxldGUiOjE4MDAwMDAwMDAwMDAsInJlYWQiOjMwMDAwMDAwMDAwMCwidXBkYXRlIjoxODAwMDAwMDAwMDAwfX0=",
          "dependencies": [
            "azurerm_resource_group.example"
          ]
        }
      ]
    },
    {
      "mode": "managed",
      "type": "azurerm_public_ip",
      "name": "postgresql",
      "provider": "provider[\"registry.terraform.io/hashicorp/azurerm\"]",
      "instances": [
        {
          "schema_version": 0,
          "attributes": {
            "allocation_method": "Dynamic",
            "domain_name_label": null,
            "edge_zone": "",
            "fqdn": null,
            "id": "/subscriptions/91f4b598-d3ab-41dd-bc6f-1895538ad2b3/resourceGroups/terraform-demo-rg/providers/Microsoft.Network/publicIPAddresses/postgresql-ip",
            "idle_timeout_in_minutes": 4,
            "ip_address": "20.160.191.225",
            "ip_tags": {},
            "ip_version": "IPv4",
            "location": "westeurope",
            "name": "postgresql-ip",
            "public_ip_prefix_id": null,
            "resource_group_name": "terraform-demo-rg",
            "reverse_fqdn": null,
            "sku": "Basic",
            "sku_tier": "Regional",
            "tags": {},
            "timeouts": null,
            "zones": []
          },
          "sensitive_attributes": [],
          "private": "eyJlMmJmYjczMC1lY2FhLTExZTYtOGY4OC0zNDM2M2JjN2M0YzAiOnsiY3JlYXRlIjoxODAwMDAwMDAwMDAwLCJkZWxldGUiOjE4MDAwMDAwMDAwMDAsInJlYWQiOjMwMDAwMDAwMDAwMCwidXBkYXRlIjoxODAwMDAwMDAwMDAwfX0=",
          "dependencies": [
            "azurerm_resource_group.example"
          ]
        }
      ]
    },
    {
      "mode": "managed",
      "type": "azurerm_resource_group",
      "name": "example",
      "provider": "provider[\"registry.terraform.io/hashicorp/azurerm\"]",
      "instances": [
        {
          "schema_version": 0,
          "attributes": {
            "id": "/subscriptions/91f4b598-d3ab-41dd-bc6f-1895538ad2b3/resourceGroups/terraform-demo-rg",
            "location": "westeurope",
            "name": "terraform-demo-rg",
            "tags": {},
            "timeouts": null
          },
          "sensitive_attributes": [],
          "private": "eyJlMmJmYjczMC1lY2FhLTExZTYtOGY4OC0zNDM2M2JjN2M0YzAiOnsiY3JlYXRlIjo1NDAwMDAwMDAwMDAwLCJkZWxldGUiOjU0MDAwMDAwMDAwMDAsInJlYWQiOjMwMDAwMDAwMDAwMCwidXBkYXRlIjo1NDAwMDAwMDAwMDAwfX0="
        }
      ]
    },
    {
      "mode": "managed",
      "type": "azurerm_subnet",
      "name": "db_subnet",
      "provider": "provider[\"registry.terraform.io/hashicorp/azurerm\"]",
      "instances": [
        {
          "schema_version": 0,
          "attributes": {
            "address_prefixes": [
              "10.0.2.0/24"
            ],
            "delegation": [],
            "enforce_private_link_endpoint_network_policies": false,
            "enforce_private_link_service_network_policies": false,
            "id": "/subscriptions/91f4b598-d3ab-41dd-bc6f-1895538ad2b3/resourceGroups/terraform-demo-rg/providers/Microsoft.Network/virtualNetworks/terraform-demo-vnet/subnets/db-subnet",
            "name": "db-subnet",
            "resource_group_name": "terraform-demo-rg",
            "service_endpoint_policy_ids": [],
            "service_endpoints": [],
            "timeouts": null,
            "virtual_network_name": "terraform-demo-vnet"
          },
          "sensitive_attributes": [],
          "private": "eyJlMmJmYjczMC1lY2FhLTExZTYtOGY4OC0zNDM2M2JjN2M0YzAiOnsiY3JlYXRlIjoxODAwMDAwMDAwMDAwLCJkZWxldGUiOjE4MDAwMDAwMDAwMDAsInJlYWQiOjMwMDAwMDAwMDAwMCwidXBkYXRlIjoxODAwMDAwMDAwMDAwfX0=",
          "dependencies": [
            "azurerm_resource_group.example",
            "azurerm_virtual_network.terraform_demo"
          ]
        }
      ]
    },
    {
      "mode": "managed",
      "type": "azurerm_subnet",
      "name": "web_subnet",
      "provider": "provider[\"registry.terraform.io/hashicorp/azurerm\"]",
      "instances": [
        {
          "schema_version": 0,
          "attributes": {
            "address_prefixes": [
              "10.0.1.0/24"
            ],
            "delegation": [],
            "enforce_private_link_endpoint_network_policies": false,
            "enforce_private_link_service_network_policies": false,
            "id": "/subscriptions/91f4b598-d3ab-41dd-bc6f-1895538ad2b3/resourceGroups/terraform-demo-rg/providers/Microsoft.Network/virtualNetworks/terraform-demo-vnet/subnets/web-subnet",
            "name": "web-subnet",
            "resource_group_name": "terraform-demo-rg",
            "service_endpoint_policy_ids": [],
            "service_endpoints": [],
            "timeouts": null,
            "virtual_network_name": "terraform-demo-vnet"
          },
          "sensitive_attributes": [],
          "private": "eyJlMmJmYjczMC1lY2FhLTExZTYtOGY4OC0zNDM2M2JjN2M0YzAiOnsiY3JlYXRlIjoxODAwMDAwMDAwMDAwLCJkZWxldGUiOjE4MDAwMDAwMDAwMDAsInJlYWQiOjMwMDAwMDAwMDAwMCwidXBkYXRlIjoxODAwMDAwMDAwMDAwfX0=",
          "dependencies": [
            "azurerm_resource_group.example",
            "azurerm_virtual_network.terraform_demo"
          ]
        }
      ]
    },
    {
      "mode": "managed",
      "type": "azurerm_virtual_machine_data_disk_attachment",
      "name": "flask-attach",
      "provider": "provider[\"registry.terraform.io/hashicorp/azurerm\"]",
      "instances": [
        {
          "schema_version": 0,
          "attributes": {
            "caching": "ReadWrite",
            "create_option": "Attach",
            "id": "/subscriptions/91f4b598-d3ab-41dd-bc6f-1895538ad2b3/resourceGroups/terraform-demo-rg/providers/Microsoft.Compute/virtualMachines/flask-vm/dataDisks/flask-md",
            "lun": 10,
            "managed_disk_id": "/subscriptions/91f4b598-d3ab-41dd-bc6f-1895538ad2b3/resourceGroups/terraform-demo-rg/providers/Microsoft.Compute/disks/flask-md",
            "timeouts": null,
            "virtual_machine_id": "/subscriptions/91f4b598-d3ab-41dd-bc6f-1895538ad2b3/resourceGroups/terraform-demo-rg/providers/Microsoft.Compute/virtualMachines/flask-vm",
            "write_accelerator_enabled": false
          },
          "sensitive_attributes": [],
          "private": "eyJlMmJmYjczMC1lY2FhLTExZTYtOGY4OC0zNDM2M2JjN2M0YzAiOnsiY3JlYXRlIjoxODAwMDAwMDAwMDAwLCJkZWxldGUiOjE4MDAwMDAwMDAwMDAsInJlYWQiOjMwMDAwMDAwMDAwMCwidXBkYXRlIjoxODAwMDAwMDAwMDAwfX0=",
          "dependencies": [
            "azurerm_availability_set.example",
            "azurerm_linux_virtual_machine.flask",
            "azurerm_managed_disk.flask-md",
            "azurerm_network_interface.flask",
            "azurerm_public_ip.flask",
            "azurerm_resource_group.example",
            "azurerm_subnet.web_subnet",
            "azurerm_virtual_network.terraform_demo"
          ]
        }
      ]
    },
    {
      "mode": "managed",
      "type": "azurerm_virtual_machine_data_disk_attachment",
      "name": "psql-attach",
      "provider": "provider[\"registry.terraform.io/hashicorp/azurerm\"]",
      "instances": [
        {
          "schema_version": 0,
          "attributes": {
            "caching": "ReadWrite",
            "create_option": "Attach",
            "id": "/subscriptions/91f4b598-d3ab-41dd-bc6f-1895538ad2b3/resourceGroups/terraform-demo-rg/providers/Microsoft.Compute/virtualMachines/postgresql-vm/dataDisks/psql-md",
            "lun": 10,
            "managed_disk_id": "/subscriptions/91f4b598-d3ab-41dd-bc6f-1895538ad2b3/resourceGroups/terraform-demo-rg/providers/Microsoft.Compute/disks/psql-md",
            "timeouts": null,
            "virtual_machine_id": "/subscriptions/91f4b598-d3ab-41dd-bc6f-1895538ad2b3/resourceGroups/terraform-demo-rg/providers/Microsoft.Compute/virtualMachines/postgresql-vm",
            "write_accelerator_enabled": false
          },
          "sensitive_attributes": [],
          "private": "eyJlMmJmYjczMC1lY2FhLTExZTYtOGY4OC0zNDM2M2JjN2M0YzAiOnsiY3JlYXRlIjoxODAwMDAwMDAwMDAwLCJkZWxldGUiOjE4MDAwMDAwMDAwMDAsInJlYWQiOjMwMDAwMDAwMDAwMCwidXBkYXRlIjoxODAwMDAwMDAwMDAwfX0=",
          "dependencies": [
            "azurerm_availability_set.example",
            "azurerm_linux_virtual_machine.postgresql",
            "azurerm_managed_disk.psql-md",
            "azurerm_network_interface.postgresql",
            "azurerm_public_ip.postgresql",
            "azurerm_resource_group.example",
            "azurerm_subnet.db_subnet",
            "azurerm_virtual_network.terraform_demo"
          ]
        }
      ]
    },
    {
      "mode": "managed",
      "type": "azurerm_virtual_network",
      "name": "terraform_demo",
      "provider": "provider[\"registry.terraform.io/hashicorp/azurerm\"]",
      "instances": [
        {
          "schema_version": 0,
          "attributes": {
            "address_space": [
              "10.0.0.0/16"
            ],
            "bgp_community": "",
            "ddos_protection_plan": [],
            "dns_servers": [],
            "edge_zone": "",
            "flow_timeout_in_minutes": 0,
            "guid": "c8ee90c0-7f38-4309-aefe-7c533e95dd9c",
            "id": "/subscriptions/91f4b598-d3ab-41dd-bc6f-1895538ad2b3/resourceGroups/terraform-demo-rg/providers/Microsoft.Network/virtualNetworks/terraform-demo-vnet",
            "location": "westeurope",
            "name": "terraform-demo-vnet",
            "resource_group_name": "terraform-demo-rg",
            "subnet": [
              {
                "address_prefix": "10.0.1.0/24",
                "id": "/subscriptions/91f4b598-d3ab-41dd-bc6f-1895538ad2b3/resourceGroups/terraform-demo-rg/providers/Microsoft.Network/virtualNetworks/terraform-demo-vnet/subnets/web-subnet",
                "name": "web-subnet",
                "security_group": ""
              },
              {
                "address_prefix": "10.0.2.0/24",
                "id": "/subscriptions/91f4b598-d3ab-41dd-bc6f-1895538ad2b3/resourceGroups/terraform-demo-rg/providers/Microsoft.Network/virtualNetworks/terraform-demo-vnet/subnets/db-subnet",
                "name": "db-subnet",
                "security_group": ""
              }
            ],
            "tags": {},
            "timeouts": null
          },
          "sensitive_attributes": [],
          "private": "eyJlMmJmYjczMC1lY2FhLTExZTYtOGY4OC0zNDM2M2JjN2M0YzAiOnsiY3JlYXRlIjoxODAwMDAwMDAwMDAwLCJkZWxldGUiOjE4MDAwMDAwMDAwMDAsInJlYWQiOjMwMDAwMDAwMDAwMCwidXBkYXRlIjoxODAwMDAwMDAwMDAwfX0=",
          "dependencies": [
            "azurerm_resource_group.example"
          ]
        }
      ]
    },
    {
      "mode": "managed",
      "type": "tls_private_key",
      "name": "example_ssh",
      "provider": "provider[\"registry.terraform.io/hashicorp/tls\"]",
      "instances": [
        {
          "schema_version": 1,
          "attributes": {
            "algorithm": "RSA",
            "ecdsa_curve": "P224",
            "id": "cd4666ada39e328fd37e6e55802fe6b7d669baa8",
            "private_key_openssh": "-----BEGIN OPENSSH PRIVATE KEY-----\nb3BlbnNzaC1rZXktdjEAAAAABG5vbmUAAAAEbm9uZQAAAAAAAAABAAACFwAAAAdz\nc2gtcnNhAAAAAwEAAQAAAgEAtG68rrsV+DKXGjHy9jD1XTv3gb14z8OMXbpjBuQU\n+D7DnLF3h7CbHKwFPUn/5beQEeoU4JA/+4Khp8tfhEuouPleGsCszdiO1WhFj88d\ntk2PGhPMum4gsv/HsyC6WTdM6uRPH+6HPdAUQuNzZv6PzWDBayIGZp5suJa50d0P\nyVtZyRrC4JGuXkpOcjN4nF/5xmTR4/Qq13UFu3R4z216tBOwNoZZihjys6pH43Vv\n1rjNBuqhtTuE7o08Fvjkw7IT+SQBxo3/2MIjMf6AYcSd/V6sWPzP27rWmGVH1FVg\n8BfHdadObEy/xifpFOWAYWR4JjXF+PP8yAYHtA9ed28qJUvWMw4zFz5by5iOFfd+\nPeDTmK4y+evlq2Sx8d43o+DAVMqnCbveQCqSERNKAUCCwRI9Aebp9+ckyxjd16J3\nUHDVUU0icUe1GmY+uDiCUUdH5HpaHzQvL1XyOGiSquj59g7/evLFzzSXDIeWBQ92\nZZro5ltSvuebKNOMi2OqrNLgLrHDwTx8KQIsfDE+LWDcyDnm1QUXopnTnnxeCFfb\nXCIeX/xhb7e5gEXvf++k7tGJckMX5PDHETVyJS+l1eVx1kF2/MJy70bOydyuZOxD\ngPo/lWoKJrkMdwpdtVEGID/z4pweasHy2Q34cLYUBeafx3EXbZ/0wc3zDUpmiDUl\nUwMAAAc4KljrFipY6xYAAAAHc3NoLXJzYQAAAgEAtG68rrsV+DKXGjHy9jD1XTv3\ngb14z8OMXbpjBuQU+D7DnLF3h7CbHKwFPUn/5beQEeoU4JA/+4Khp8tfhEuouPle\nGsCszdiO1WhFj88dtk2PGhPMum4gsv/HsyC6WTdM6uRPH+6HPdAUQuNzZv6PzWDB\nayIGZp5suJa50d0PyVtZyRrC4JGuXkpOcjN4nF/5xmTR4/Qq13UFu3R4z216tBOw\nNoZZihjys6pH43Vv1rjNBuqhtTuE7o08Fvjkw7IT+SQBxo3/2MIjMf6AYcSd/V6s\nWPzP27rWmGVH1FVg8BfHdadObEy/xifpFOWAYWR4JjXF+PP8yAYHtA9ed28qJUvW\nMw4zFz5by5iOFfd+PeDTmK4y+evlq2Sx8d43o+DAVMqnCbveQCqSERNKAUCCwRI9\nAebp9+ckyxjd16J3UHDVUU0icUe1GmY+uDiCUUdH5HpaHzQvL1XyOGiSquj59g7/\nevLFzzSXDIeWBQ92ZZro5ltSvuebKNOMi2OqrNLgLrHDwTx8KQIsfDE+LWDcyDnm\n1QUXopnTnnxeCFfbXCIeX/xhb7e5gEXvf++k7tGJckMX5PDHETVyJS+l1eVx1kF2\n/MJy70bOydyuZOxDgPo/lWoKJrkMdwpdtVEGID/z4pweasHy2Q34cLYUBeafx3EX\nbZ/0wc3zDUpmiDUlUwMAAAADAQABAAACAQCCEyr3FGx8J4yDF+s9zIG2mxqNb5h+\nv0yb7ViiiR8M78J5Xf771Tedbe3BB23xn2m/YG94jMVzffMoUhcj+p9B6pQK2Ug6\nhZpDAw7S489Zs4QsmoWHCQmNwZOn8TomQxWyaLEaJg1dZHqW1f5GC9KDjvMhVsAi\njqd2U0LWpnVRBgguUJqY5q070HnJHo4evZoFin09xrJz7Ssavpaxgw1ocKEiTayT\nP/UHzQRSWEEuHL/B8rhtPOFSUIM3VGsnIWQAwhJ9n7UIALz6t6y5ztLO68d3x5nZ\noFJAPxOPYZWmwJ3MlbaVoKbIJdGEfQcWLyXm9fEozkw3rxEyn7nMhFlunqlueapZ\nSuYVGWn7J1Mh7L0mOOKqQk6vtFQETExQFfjzpGFfbq+Q9IOPg+d94RCNkBLibiTQ\n2seKxQGpo/VbC6pxldZxJqtFaCh5tcrHL/IxiewHkXFRkvv2XVkuTNe8lmzYJOGJ\n/uCLXWoE8lv0CEoI2kxAw1YE/F2/+IJVwuixzhjSXHFARohaVPzDXtp5QoGGMaX0\n6LGcFVRJS5OEc2f7DXbDv9YSkX7xh1SuWPmpjaZ+GPkF5WvR3bNVBGHuKYgNVCXc\nrDf8FEpomVGxsEqS3MC9AaJSYkEnWhpuAlcr2v6QM+kCBN3JyfFT2QvuBgLBWp/P\nk73HihjI0AzyAQAAAQBbhE5zu2eJCvpoVZGln652bqexMBNNukUG8ZF4IqhuVbgV\ncMndMv2WBt5ySsEsB3hPr+pDsA7tXz1hzRk4vOumlRqzZaxsxrvC0e5Z/U1cMM+N\nBrfhOe7qnpNabgvWVq30lVAfOS+p54yrn94P3sCjT67L7SG6IUj8OI9SL4nX7UZl\ndKaPhsuUUbq8dWemtPsbPt2eW2sPjPvk2kDZn0tPSNdBOAGAmCGEtjcW/OgX69th\ndqnO6FCeK9PmmMLWXrNdWHJXCTgCD9OBnjHy3COqwxQiCn/5uonP1umbTyZ26llY\nnTXby+Jqd1mSIpkKJ2/g0nhrEIYxpV0hlNjWHUWsAAABAQDq3+uMd4zBZhnVi+U6\n7NsgvoCTqzy/oH3bvHTgeXZNJBrc4IOMAkESAvUIsLoG1Zy1EIHIvlYplQz5pzEz\nsAE9V3AgVRMrU9lZFIIK1U8SQUyRgcG22nWMcrVJOxX2jsaT3AWdwXUC3VQ6vnAh\n7GKXqi7GOQnbamd/mavGS7ksyH/h/r5XJERjpTKb9XECBBVvbGNJjGo8ehmVklc7\nJcxnGZqb78eWVA0aCFss1wyFDkyL50gbvtyZ70wIzI3MUDDHmlaEJ3MrGnSkcmMe\n+DS2kHKTUd2W59qERLR9NjW2CPiFll6V+poQUQuWAPzDc4VEsDThOUcJ7m1Ux9d8\nFn+BAAABAQDEqUQkMeKxlkwU9k9gUpyWaKFtuGPyjwJz7RCIqGIJVjCD4fbWDzat\njX6jbRCatSLjAc+qetVQwcSqGMe3Aww5PPApMYGKnxE9/FnBJwmgYSCrqZMBSXt7\n8OFoO8l+s73YLSS3yUPKyGnXXNdS0Nx8d1VuTF/ynHNVK1e9hba/4cEtBIYc7Ykt\nvtfwr/ocQS0iWbaKYEJ7l7f+D3vs5zzViMBGi3azOrfCs3IwaE++EAAEixznzmsg\nH68FP3V2hMeEg292NPCKFeKQVfIckH8yqG7BPkkDHBq3Yum6Js5IZDBlmyK7Sryl\nNEVoOzAB30+L55ED0nPi/k+ScFjJrBSDAAAAAAEC\n-----END OPENSSH PRIVATE KEY-----\n",
            "private_key_pem": "-----BEGIN RSA PRIVATE KEY-----\nMIIJKAIBAAKCAgEAtG68rrsV+DKXGjHy9jD1XTv3gb14z8OMXbpjBuQU+D7DnLF3\nh7CbHKwFPUn/5beQEeoU4JA/+4Khp8tfhEuouPleGsCszdiO1WhFj88dtk2PGhPM\num4gsv/HsyC6WTdM6uRPH+6HPdAUQuNzZv6PzWDBayIGZp5suJa50d0PyVtZyRrC\n4JGuXkpOcjN4nF/5xmTR4/Qq13UFu3R4z216tBOwNoZZihjys6pH43Vv1rjNBuqh\ntTuE7o08Fvjkw7IT+SQBxo3/2MIjMf6AYcSd/V6sWPzP27rWmGVH1FVg8BfHdadO\nbEy/xifpFOWAYWR4JjXF+PP8yAYHtA9ed28qJUvWMw4zFz5by5iOFfd+PeDTmK4y\n+evlq2Sx8d43o+DAVMqnCbveQCqSERNKAUCCwRI9Aebp9+ckyxjd16J3UHDVUU0i\ncUe1GmY+uDiCUUdH5HpaHzQvL1XyOGiSquj59g7/evLFzzSXDIeWBQ92ZZro5ltS\nvuebKNOMi2OqrNLgLrHDwTx8KQIsfDE+LWDcyDnm1QUXopnTnnxeCFfbXCIeX/xh\nb7e5gEXvf++k7tGJckMX5PDHETVyJS+l1eVx1kF2/MJy70bOydyuZOxDgPo/lWoK\nJrkMdwpdtVEGID/z4pweasHy2Q34cLYUBeafx3EXbZ/0wc3zDUpmiDUlUwMCAwEA\nAQKCAgEAghMq9xRsfCeMgxfrPcyBtpsajW+Yfr9Mm+1YookfDO/CeV3++9U3nW3t\nwQdt8Z9pv2BveIzFc33zKFIXI/qfQeqUCtlIOoWaQwMO0uPPWbOELJqFhwkJjcGT\np/E6JkMVsmixGiYNXWR6ltX+RgvSg47zIVbAIo6ndlNC1qZ1UQYILlCamOatO9B5\nyR6OHr2aBYp9Pcayc+0rGr6WsYMNaHChIk2skz/1B80EUlhBLhy/wfK4bTzhUlCD\nN1RrJyFkAMISfZ+1CAC8+resuc7SzuvHd8eZ2aBSQD8Tj2GVpsCdzJW2laCmyCXR\nhH0HFi8l5vXxKM5MN68RMp+5zIRZbp6pbnmqWUrmFRlp+ydTIey9JjjiqkJOr7RU\nBExMUBX486RhX26vkPSDj4PnfeEQjZAS4m4k0NrHisUBqaP1WwuqcZXWcSarRWgo\nebXKxy/yMYnsB5FxUZL79l1ZLkzXvJZs2CThif7gi11qBPJb9AhKCNpMQMNWBPxd\nv/iCVcLosc4Y0lxxQEaIWlT8w17aeUKBhjGl9OixnBVUSUuThHNn+w12w7/WEpF+\n8YdUrlj5qY2mfhj5BeVr0d2zVQRh7imIDVQl3Kw3/BRKaJlRsbBKktzAvQGiUmJB\nJ1oabgJXK9r+kDPpAgTdycnxU9kL7gYCwVqfz5O9x4oYyNAM8gECggEBAOrf64x3\njMFmGdWL5Trs2yC+gJOrPL+gfdu8dOB5dk0kGtzgg4wCQRIC9QiwugbVnLUQgci+\nVimVDPmnMTOwAT1XcCBVEytT2VkUggrVTxJBTJGBwbbadYxytUk7FfaOxpPcBZ3B\ndQLdVDq+cCHsYpeqLsY5CdtqZ3+Zq8ZLuSzIf+H+vlckRGOlMpv1cQIEFW9sY0mM\najx6GZWSVzslzGcZmpvvx5ZUDRoIWyzXDIUOTIvnSBu+3JnvTAjMjcxQMMeaVoQn\ncysadKRyYx74NLaQcpNR3Zbn2oREtH02NbYI+IWWXpX6mhBRC5YA/MNzhUSwNOE5\nRwnubVTH13wWf4ECggEBAMSpRCQx4rGWTBT2T2BSnJZooW24Y/KPAnPtEIioYglW\nMIPh9tYPNq2NfqNtEJq1IuMBz6p61VDBxKoYx7cDDDk88CkxgYqfET38WcEnCaBh\nIKupkwFJe3vw4Wg7yX6zvdgtJLfJQ8rIaddc11LQ3Hx3VW5MX/Kcc1UrV72Ftr/h\nwS0EhhztiS2+1/Cv+hxBLSJZtopgQnuXt/4Pe+znPNWIwEaLdrM6t8KzcjBoT74Q\nAASLHOfOayAfrwU/dXaEx4SDb3Y08IoV4pBV8hyQfzKobsE+SQMcGrdi6bomzkhk\nMGWbIrtKvKU0RWg7MAHfT4vnkQPSc+L+T5JwWMmsFIMCggEARTqtHiEavuKOWNA8\nR8sKp7MfCOefJ0hx8HOy63tBsGkk9dfDTmBXt6xhdydIHb2WzBPKfVYE5YrGYUuz\nh+2n3+HG7fDFjq7PUJ9n2TOYc+QFYpohc/keTsB8yNH+nkblJy3iBebAy5BbRFlf\nidA4G0YRNWIYkrDhQs4TwIYPVbDfaMiCaAMLmWdW7HtCzPpRKx+CgGo/4gWHRvv0\ndD2m6vi0BqR9asTpe7Pc0/GrAgj97PrF2U+/jCvpeGp6nS9BwYOvXpKWMq1AljwV\nFUrJlsoqy1uE+fbrBLOPk5yH5ljsj8uLo59TC94nkRZHaoDBVkatv3j3hGjflu60\niCHFgQKCAQBQ8I2ADBwOFRq5IernbPjPmr6d5t8T7LIIvlAovoyi5RtQnEa4MUjC\nw1KUtoW39scmAQ/UTXvQIf/sNgi0lQeJ4z/A5IQ5ZmB1T5AtRADdRjxpCoDbbb/p\n8ekDul+iyx1ehK3xCl/hbPzKy4Y/qoCkpYS+waZXtvZs3krdUNQ3QxX7jjoYW9cy\nwbIkeHkK+fQ2iA/uAdI7BeWPJhZOGZnbFM51+l5fQ9JvyuU7cSMoyXMIa6z45ucG\nMKQbF9QjdGCddG8CiqVZX8qAty7PfNUtJ092L0ljg0Snp4kkuWX7O2kD2IbB6O+d\nWtcaIAoRKzSVEziHBy31BdAAKEcSscU7AoIBAFuETnO7Z4kK+mhVkaWfrnZup7Ew\nE026RQbxkXgiqG5VuBVwyd0y/ZYG3nJKwSwHeE+v6kOwDu1fPWHNGTi866aVGrNl\nrGzGu8LR7ln9TVwwz40Gt+E57uqek1puC9ZWrfSVUB85L6nnjKuf3g/ewKNPrsvt\nIbohSPw4j1IvidftRmV0po+Gy5RRurx1Z6a0+xs+3Z5baw+M++TaQNmfS09I10E4\nAYCYIYS2Nxb86Bfr22F2qc7oUJ4r0+aYwtZes11YclcJOAIP04GeMfLcI6rDFCIK\nf/m6ic/W6ZtPJnbqWVidNdvL4mp3WZIimQonb+DSeGsQhjGlXSGU2NYdRaw=\n-----END RSA PRIVATE KEY-----\n",
            "private_key_pem_pkcs8": "-----BEGIN PRIVATE KEY-----\nMIIJQgIBADANBgkqhkiG9w0BAQEFAASCCSwwggkoAgEAAoICAQC0bryuuxX4Mpca\nMfL2MPVdO/eBvXjPw4xdumMG5BT4PsOcsXeHsJscrAU9Sf/lt5AR6hTgkD/7gqGn\ny1+ES6i4+V4awKzN2I7VaEWPzx22TY8aE8y6biCy/8ezILpZN0zq5E8f7oc90BRC\n43Nm/o/NYMFrIgZmnmy4lrnR3Q/JW1nJGsLgka5eSk5yM3icX/nGZNHj9CrXdQW7\ndHjPbXq0E7A2hlmKGPKzqkfjdW/WuM0G6qG1O4TujTwW+OTDshP5JAHGjf/YwiMx\n/oBhxJ39XqxY/M/butaYZUfUVWDwF8d1p05sTL/GJ+kU5YBhZHgmNcX48/zIBge0\nD153byolS9YzDjMXPlvLmI4V93494NOYrjL56+WrZLHx3jej4MBUyqcJu95AKpIR\nE0oBQILBEj0B5un35yTLGN3XondQcNVRTSJxR7UaZj64OIJRR0fkelofNC8vVfI4\naJKq6Pn2Dv968sXPNJcMh5YFD3ZlmujmW1K+55so04yLY6qs0uAuscPBPHwpAix8\nMT4tYNzIOebVBReimdOefF4IV9tcIh5f/GFvt7mARe9/76Tu0YlyQxfk8McRNXIl\nL6XV5XHWQXb8wnLvRs7J3K5k7EOA+j+VagomuQx3Cl21UQYgP/PinB5qwfLZDfhw\nthQF5p/HcRdtn/TBzfMNSmaINSVTAwIDAQABAoICAQCCEyr3FGx8J4yDF+s9zIG2\nmxqNb5h+v0yb7ViiiR8M78J5Xf771Tedbe3BB23xn2m/YG94jMVzffMoUhcj+p9B\n6pQK2Ug6hZpDAw7S489Zs4QsmoWHCQmNwZOn8TomQxWyaLEaJg1dZHqW1f5GC9KD\njvMhVsAijqd2U0LWpnVRBgguUJqY5q070HnJHo4evZoFin09xrJz7Ssavpaxgw1o\ncKEiTayTP/UHzQRSWEEuHL/B8rhtPOFSUIM3VGsnIWQAwhJ9n7UIALz6t6y5ztLO\n68d3x5nZoFJAPxOPYZWmwJ3MlbaVoKbIJdGEfQcWLyXm9fEozkw3rxEyn7nMhFlu\nnqlueapZSuYVGWn7J1Mh7L0mOOKqQk6vtFQETExQFfjzpGFfbq+Q9IOPg+d94RCN\nkBLibiTQ2seKxQGpo/VbC6pxldZxJqtFaCh5tcrHL/IxiewHkXFRkvv2XVkuTNe8\nlmzYJOGJ/uCLXWoE8lv0CEoI2kxAw1YE/F2/+IJVwuixzhjSXHFARohaVPzDXtp5\nQoGGMaX06LGcFVRJS5OEc2f7DXbDv9YSkX7xh1SuWPmpjaZ+GPkF5WvR3bNVBGHu\nKYgNVCXcrDf8FEpomVGxsEqS3MC9AaJSYkEnWhpuAlcr2v6QM+kCBN3JyfFT2Qvu\nBgLBWp/Pk73HihjI0AzyAQKCAQEA6t/rjHeMwWYZ1YvlOuzbIL6Ak6s8v6B927x0\n4Hl2TSQa3OCDjAJBEgL1CLC6BtWctRCByL5WKZUM+acxM7ABPVdwIFUTK1PZWRSC\nCtVPEkFMkYHBttp1jHK1STsV9o7Gk9wFncF1At1UOr5wIexil6ouxjkJ22pnf5mr\nxku5LMh/4f6+VyREY6Uym/VxAgQVb2xjSYxqPHoZlZJXOyXMZxmam+/HllQNGghb\nLNcMhQ5Mi+dIG77cme9MCMyNzFAwx5pWhCdzKxp0pHJjHvg0tpByk1HdlufahES0\nfTY1tgj4hZZelfqaEFELlgD8w3OFRLA04TlHCe5tVMfXfBZ/gQKCAQEAxKlEJDHi\nsZZMFPZPYFKclmihbbhj8o8Cc+0QiKhiCVYwg+H21g82rY1+o20QmrUi4wHPqnrV\nUMHEqhjHtwMMOTzwKTGBip8RPfxZwScJoGEgq6mTAUl7e/DhaDvJfrO92C0kt8lD\nyshp11zXUtDcfHdVbkxf8pxzVStXvYW2v+HBLQSGHO2JLb7X8K/6HEEtIlm2imBC\ne5e3/g977Oc81YjARot2szq3wrNyMGhPvhAABIsc585rIB+vBT91doTHhINvdjTw\nihXikFXyHJB/MqhuwT5JAxwat2LpuibOSGQwZZsiu0q8pTRFaDswAd9Pi+eRA9Jz\n4v5PknBYyawUgwKCAQBFOq0eIRq+4o5Y0DxHywqnsx8I558nSHHwc7Lre0GwaST1\n18NOYFe3rGF3J0gdvZbME8p9VgTlisZhS7OH7aff4cbt8MWOrs9Qn2fZM5hz5AVi\nmiFz+R5OwHzI0f6eRuUnLeIF5sDLkFtEWV+J0DgbRhE1YhiSsOFCzhPAhg9VsN9o\nyIJoAwuZZ1bse0LM+lErH4KAaj/iBYdG+/R0Pabq+LQGpH1qxOl7s9zT8asCCP3s\n+sXZT7+MK+l4anqdL0HBg69ekpYyrUCWPBUVSsmWyirLW4T59usEs4+TnIfmWOyP\ny4ujn1ML3ieRFkdqgMFWRq2/ePeEaN+W7rSIIcWBAoIBAFDwjYAMHA4VGrkh6uds\n+M+avp3m3xPssgi+UCi+jKLlG1CcRrgxSMLDUpS2hbf2xyYBD9RNe9Ah/+w2CLSV\nB4njP8DkhDlmYHVPkC1EAN1GPGkKgNttv+nx6QO6X6LLHV6ErfEKX+Fs/MrLhj+q\ngKSlhL7Bple29mzeSt1Q1DdDFfuOOhhb1zLBsiR4eQr59DaID+4B0jsF5Y8mFk4Z\nmdsUznX6Xl9D0m/K5TtxIyjJcwhrrPjm5wYwpBsX1CN0YJ10bwKKpVlfyoC3Ls98\n1S0nT3YvSWODRKeniSS5Zfs7aQPYhsHo751a1xogChErNJUTOIcHLfUF0AAoRxKx\nxTsCggEAW4ROc7tniQr6aFWRpZ+udm6nsTATTbpFBvGReCKoblW4FXDJ3TL9lgbe\nckrBLAd4T6/qQ7AO7V89Yc0ZOLzrppUas2WsbMa7wtHuWf1NXDDPjQa34Tnu6p6T\nWm4L1lat9JVQHzkvqeeMq5/eD97Ao0+uy+0huiFI/DiPUi+J1+1GZXSmj4bLlFG6\nvHVnprT7Gz7dnltrD4z75NpA2Z9LT0jXQTgBgJghhLY3FvzoF+vbYXapzuhQnivT\n5pjC1l6zXVhyVwk4Ag/TgZ4x8twjqsMUIgp/+bqJz9bpm08mdupZWJ0128viandZ\nkiKZCidv4NJ4axCGMaVdIZTY1h1FrA==\n-----END PRIVATE KEY-----\n",
            "public_key_fingerprint_md5": "3d:88:a0:2a:7e:28:98:5d:37:3b:27:a7:30:21:0a:27",
            "public_key_fingerprint_sha256": "SHA256:fquWcF3h0AL0oEJ/9qG6GsM1eJ1iQIGbz7lQz8igfRc",
            "public_key_openssh": "ssh-rsa AAAAB3NzaC1yc2EAAAADAQABAAACAQC0bryuuxX4MpcaMfL2MPVdO/eBvXjPw4xdumMG5BT4PsOcsXeHsJscrAU9Sf/lt5AR6hTgkD/7gqGny1+ES6i4+V4awKzN2I7VaEWPzx22TY8aE8y6biCy/8ezILpZN0zq5E8f7oc90BRC43Nm/o/NYMFrIgZmnmy4lrnR3Q/JW1nJGsLgka5eSk5yM3icX/nGZNHj9CrXdQW7dHjPbXq0E7A2hlmKGPKzqkfjdW/WuM0G6qG1O4TujTwW+OTDshP5JAHGjf/YwiMx/oBhxJ39XqxY/M/butaYZUfUVWDwF8d1p05sTL/GJ+kU5YBhZHgmNcX48/zIBge0D153byolS9YzDjMXPlvLmI4V93494NOYrjL56+WrZLHx3jej4MBUyqcJu95AKpIRE0oBQILBEj0B5un35yTLGN3XondQcNVRTSJxR7UaZj64OIJRR0fkelofNC8vVfI4aJKq6Pn2Dv968sXPNJcMh5YFD3ZlmujmW1K+55so04yLY6qs0uAuscPBPHwpAix8MT4tYNzIOebVBReimdOefF4IV9tcIh5f/GFvt7mARe9/76Tu0YlyQxfk8McRNXIlL6XV5XHWQXb8wnLvRs7J3K5k7EOA+j+VagomuQx3Cl21UQYgP/PinB5qwfLZDfhwthQF5p/HcRdtn/TBzfMNSmaINSVTAw==\n",
            "public_key_pem": "-----BEGIN PUBLIC KEY-----\nMIICIjANBgkqhkiG9w0BAQEFAAOCAg8AMIICCgKCAgEAtG68rrsV+DKXGjHy9jD1\nXTv3gb14z8OMXbpjBuQU+D7DnLF3h7CbHKwFPUn/5beQEeoU4JA/+4Khp8tfhEuo\nuPleGsCszdiO1WhFj88dtk2PGhPMum4gsv/HsyC6WTdM6uRPH+6HPdAUQuNzZv6P\nzWDBayIGZp5suJa50d0PyVtZyRrC4JGuXkpOcjN4nF/5xmTR4/Qq13UFu3R4z216\ntBOwNoZZihjys6pH43Vv1rjNBuqhtTuE7o08Fvjkw7IT+SQBxo3/2MIjMf6AYcSd\n/V6sWPzP27rWmGVH1FVg8BfHdadObEy/xifpFOWAYWR4JjXF+PP8yAYHtA9ed28q\nJUvWMw4zFz5by5iOFfd+PeDTmK4y+evlq2Sx8d43o+DAVMqnCbveQCqSERNKAUCC\nwRI9Aebp9+ckyxjd16J3UHDVUU0icUe1GmY+uDiCUUdH5HpaHzQvL1XyOGiSquj5\n9g7/evLFzzSXDIeWBQ92ZZro5ltSvuebKNOMi2OqrNLgLrHDwTx8KQIsfDE+LWDc\nyDnm1QUXopnTnnxeCFfbXCIeX/xhb7e5gEXvf++k7tGJckMX5PDHETVyJS+l1eVx\n1kF2/MJy70bOydyuZOxDgPo/lWoKJrkMdwpdtVEGID/z4pweasHy2Q34cLYUBeaf\nx3EXbZ/0wc3zDUpmiDUlUwMCAwEAAQ==\n-----END PUBLIC KEY-----\n",
            "rsa_bits": 4096
          },
          "sensitive_attributes": []
        }
      ]
    }
  ],
  "check_results": null
}
